// !$*UTF8*$!
{
	archiveVersion = 1;
	classes = {
	};
	objectVersion = 50;
	objects = {

/* Begin PBXBuildFile section */
		80371CF0DD24413AEF2282B8 /* Pods_LaarcIOS.framework in Frameworks */ = {isa = PBXBuildFile; fileRef = 5282795D3802F29E64FD0C07 /* Pods_LaarcIOS.framework */; };
		98921A5015FB55FD0451817C /* Pods_LaarcIOSShareExtension.framework in Frameworks */ = {isa = PBXBuildFile; fileRef = 7D08B0AC8D9380231F9CE72D /* Pods_LaarcIOSShareExtension.framework */; };
		9D353324F2306895899BB74E /* Pods_LaarcIOSTests.framework in Frameworks */ = {isa = PBXBuildFile; fileRef = 4F9E9CBE51B4E8D8CCE9161A /* Pods_LaarcIOSTests.framework */; };
		A16A1C4121F28E350011F0FA /* LIOUtils.swift in Sources */ = {isa = PBXBuildFile; fileRef = A16A1C4021F28E350011F0FA /* LIOUtils.swift */; };
		A1B8504021F2D36300962B1B /* LIOAddCommentViewController.swift in Sources */ = {isa = PBXBuildFile; fileRef = A1B8503F21F2D36300962B1B /* LIOAddCommentViewController.swift */; };
		A1B8504221F2DA9300962B1B /* LIOStoryDetailTableHeader.swift in Sources */ = {isa = PBXBuildFile; fileRef = A1B8504121F2DA9300962B1B /* LIOStoryDetailTableHeader.swift */; };
		A1B8504421F2DAA000962B1B /* LIOStoryDetailTableHeader.xib in Resources */ = {isa = PBXBuildFile; fileRef = A1B8504321F2DAA000962B1B /* LIOStoryDetailTableHeader.xib */; };
		A1B8504821F2E08500962B1B /* LIOCommentTableViewCell.swift in Sources */ = {isa = PBXBuildFile; fileRef = A1B8504721F2E08500962B1B /* LIOCommentTableViewCell.swift */; };
		A1B8504A21F2E0AE00962B1B /* LIOCommentTableViewCell.xib in Resources */ = {isa = PBXBuildFile; fileRef = A1B8504921F2E0AE00962B1B /* LIOCommentTableViewCell.xib */; };
		A1B8504C21F2E0CC00962B1B /* LIOUpvoteButton.xib in Resources */ = {isa = PBXBuildFile; fileRef = A1B8504B21F2E0CC00962B1B /* LIOUpvoteButton.xib */; };
		A1B8504E21F2E0F700962B1B /* LIODownvoteButton.xib in Resources */ = {isa = PBXBuildFile; fileRef = A1B8504D21F2E0F700962B1B /* LIODownvoteButton.xib */; };
		A1B8505021F2E13400962B1B /* LIOUpvoteButton.swift in Sources */ = {isa = PBXBuildFile; fileRef = A1B8504F21F2E13400962B1B /* LIOUpvoteButton.swift */; };
		A1B8505221F2E16100962B1B /* LIODownvoteButton.swift in Sources */ = {isa = PBXBuildFile; fileRef = A1B8505121F2E16100962B1B /* LIODownvoteButton.swift */; };
		A1C60CC621F16ED20017EDE0 /* AppDelegate.swift in Sources */ = {isa = PBXBuildFile; fileRef = A1C60CC521F16ED20017EDE0 /* AppDelegate.swift */; };
		A1C60CC821F16ED20017EDE0 /* FirstViewController.swift in Sources */ = {isa = PBXBuildFile; fileRef = A1C60CC721F16ED20017EDE0 /* FirstViewController.swift */; };
		A1C60CCA21F16ED20017EDE0 /* SecondViewController.swift in Sources */ = {isa = PBXBuildFile; fileRef = A1C60CC921F16ED20017EDE0 /* SecondViewController.swift */; };
		A1C60CCD21F16ED20017EDE0 /* Main.storyboard in Resources */ = {isa = PBXBuildFile; fileRef = A1C60CCB21F16ED20017EDE0 /* Main.storyboard */; };
		A1C60CCF21F16ED40017EDE0 /* Assets.xcassets in Resources */ = {isa = PBXBuildFile; fileRef = A1C60CCE21F16ED40017EDE0 /* Assets.xcassets */; };
		A1C60CD221F16ED40017EDE0 /* LaunchScreen.storyboard in Resources */ = {isa = PBXBuildFile; fileRef = A1C60CD021F16ED40017EDE0 /* LaunchScreen.storyboard */; };
		A1C60CDD21F16ED40017EDE0 /* LaarcIOSTests.swift in Sources */ = {isa = PBXBuildFile; fileRef = A1C60CDC21F16ED40017EDE0 /* LaarcIOSTests.swift */; };
		A1C60CE821F16ED40017EDE0 /* LaarcIOSUITests.swift in Sources */ = {isa = PBXBuildFile; fileRef = A1C60CE721F16ED40017EDE0 /* LaarcIOSUITests.swift */; };
		A1C60CFC21F16F8F0017EDE0 /* ShareViewController.swift in Sources */ = {isa = PBXBuildFile; fileRef = A1C60CFB21F16F8F0017EDE0 /* ShareViewController.swift */; };
		A1C60CFF21F16F8F0017EDE0 /* MainInterface.storyboard in Resources */ = {isa = PBXBuildFile; fileRef = A1C60CFD21F16F8F0017EDE0 /* MainInterface.storyboard */; };
		A1C60D0321F16F8F0017EDE0 /* LaarcIOSShareExtension.appex in Embed App Extensions */ = {isa = PBXBuildFile; fileRef = A1C60CF921F16F8F0017EDE0 /* LaarcIOSShareExtension.appex */; settings = {ATTRIBUTES = (RemoveHeadersOnCopy, ); }; };
		A1C60D0A21F170270017EDE0 /* LaarcIOS.entitlements in Resources */ = {isa = PBXBuildFile; fileRef = A1C60D0821F16FAB0017EDE0 /* LaarcIOS.entitlements */; };
		A1C60D0B21F170330017EDE0 /* LaarcIOS.entitlements in Resources */ = {isa = PBXBuildFile; fileRef = A1C60D0821F16FAB0017EDE0 /* LaarcIOS.entitlements */; };
		A1C60D0D21F171A40017EDE0 /* LIOGetUrl.js in Resources */ = {isa = PBXBuildFile; fileRef = A1C60D0C21F171A40017EDE0 /* LIOGetUrl.js */; };
		A1C60D0F21F1741B0017EDE0 /* GoogleService-Info.plist in Resources */ = {isa = PBXBuildFile; fileRef = A1C60D0E21F1741B0017EDE0 /* GoogleService-Info.plist */; };
		A1C60D1321F175550017EDE0 /* LIOTopStoriesViewController.swift in Sources */ = {isa = PBXBuildFile; fileRef = A1C60D1221F175550017EDE0 /* LIOTopStoriesViewController.swift */; };
		A1C60D1521F176110017EDE0 /* LIOApi.swift in Sources */ = {isa = PBXBuildFile; fileRef = A1C60D1421F176110017EDE0 /* LIOApi.swift */; };
		A1C60D1721F176F10017EDE0 /* LIOConstants.swift in Sources */ = {isa = PBXBuildFile; fileRef = A1C60D1621F176F10017EDE0 /* LIOConstants.swift */; };
		A1C60D1921F17CB20017EDE0 /* LIOItem.swift in Sources */ = {isa = PBXBuildFile; fileRef = A1C60D1821F17CB20017EDE0 /* LIOItem.swift */; };
		A1C60D1C21F190E50017EDE0 /* LIOTopStoryTableViewCell.swift in Sources */ = {isa = PBXBuildFile; fileRef = A1C60D1B21F190E50017EDE0 /* LIOTopStoryTableViewCell.swift */; };
		A1C60D1E21F19BF90017EDE0 /* TimeAgo.swift in Sources */ = {isa = PBXBuildFile; fileRef = A1C60D1D21F19BF90017EDE0 /* TimeAgo.swift */; };
		A1C60D2021F1A6020017EDE0 /* LIOTopStoryDetailViewController.swift in Sources */ = {isa = PBXBuildFile; fileRef = A1C60D1F21F1A6020017EDE0 /* LIOTopStoryDetailViewController.swift */; };
		B8D85E53AC8184AB558743B3 /* Pods_LaarcIOSUITests.framework in Frameworks */ = {isa = PBXBuildFile; fileRef = 9461894667BC3F588E93DC21 /* Pods_LaarcIOSUITests.framework */; };
/* End PBXBuildFile section */

/* Begin PBXContainerItemProxy section */
		A1C60CD921F16ED40017EDE0 /* PBXContainerItemProxy */ = {
			isa = PBXContainerItemProxy;
			containerPortal = A1C60CBA21F16ED20017EDE0 /* Project object */;
			proxyType = 1;
			remoteGlobalIDString = A1C60CC121F16ED20017EDE0;
			remoteInfo = LaarcIOS;
		};
		A1C60CE421F16ED40017EDE0 /* PBXContainerItemProxy */ = {
			isa = PBXContainerItemProxy;
			containerPortal = A1C60CBA21F16ED20017EDE0 /* Project object */;
			proxyType = 1;
			remoteGlobalIDString = A1C60CC121F16ED20017EDE0;
			remoteInfo = LaarcIOS;
		};
		A1C60D0121F16F8F0017EDE0 /* PBXContainerItemProxy */ = {
			isa = PBXContainerItemProxy;
			containerPortal = A1C60CBA21F16ED20017EDE0 /* Project object */;
			proxyType = 1;
			remoteGlobalIDString = A1C60CF821F16F8F0017EDE0;
			remoteInfo = LaarcIOSShareExtension;
		};
/* End PBXContainerItemProxy section */

/* Begin PBXCopyFilesBuildPhase section */
		A1C60D0721F16F8F0017EDE0 /* Embed App Extensions */ = {
			isa = PBXCopyFilesBuildPhase;
			buildActionMask = 2147483647;
			dstPath = "";
			dstSubfolderSpec = 13;
			files = (
				A1C60D0321F16F8F0017EDE0 /* LaarcIOSShareExtension.appex in Embed App Extensions */,
			);
			name = "Embed App Extensions";
			runOnlyForDeploymentPostprocessing = 0;
		};
/* End PBXCopyFilesBuildPhase section */

/* Begin PBXFileReference section */
		03771D220B35593517E21A8A /* Pods-LaarcIOSShareExtension.release.xcconfig */ = {isa = PBXFileReference; includeInIndex = 1; lastKnownFileType = text.xcconfig; name = "Pods-LaarcIOSShareExtension.release.xcconfig"; path = "Pods/Target Support Files/Pods-LaarcIOSShareExtension/Pods-LaarcIOSShareExtension.release.xcconfig"; sourceTree = "<group>"; };
		059EF00A14F2CA4E1D581052 /* Pods-LaarcIOSShareExtension.debug.xcconfig */ = {isa = PBXFileReference; includeInIndex = 1; lastKnownFileType = text.xcconfig; name = "Pods-LaarcIOSShareExtension.debug.xcconfig"; path = "Pods/Target Support Files/Pods-LaarcIOSShareExtension/Pods-LaarcIOSShareExtension.debug.xcconfig"; sourceTree = "<group>"; };
		06037886A0F886925E26DC3A /* Pods-LaarcIOSUITests.release.xcconfig */ = {isa = PBXFileReference; includeInIndex = 1; lastKnownFileType = text.xcconfig; name = "Pods-LaarcIOSUITests.release.xcconfig"; path = "Pods/Target Support Files/Pods-LaarcIOSUITests/Pods-LaarcIOSUITests.release.xcconfig"; sourceTree = "<group>"; };
		1B1E674BE4E93545459BF77D /* Pods-LaarcIOSTests.release.xcconfig */ = {isa = PBXFileReference; includeInIndex = 1; lastKnownFileType = text.xcconfig; name = "Pods-LaarcIOSTests.release.xcconfig"; path = "Pods/Target Support Files/Pods-LaarcIOSTests/Pods-LaarcIOSTests.release.xcconfig"; sourceTree = "<group>"; };
		28BF7DE0820DED5CAC4358BD /* Pods-LaarcIOSUITests.debug.xcconfig */ = {isa = PBXFileReference; includeInIndex = 1; lastKnownFileType = text.xcconfig; name = "Pods-LaarcIOSUITests.debug.xcconfig"; path = "Pods/Target Support Files/Pods-LaarcIOSUITests/Pods-LaarcIOSUITests.debug.xcconfig"; sourceTree = "<group>"; };
		4F9E9CBE51B4E8D8CCE9161A /* Pods_LaarcIOSTests.framework */ = {isa = PBXFileReference; explicitFileType = wrapper.framework; includeInIndex = 0; path = Pods_LaarcIOSTests.framework; sourceTree = BUILT_PRODUCTS_DIR; };
		5282795D3802F29E64FD0C07 /* Pods_LaarcIOS.framework */ = {isa = PBXFileReference; explicitFileType = wrapper.framework; includeInIndex = 0; path = Pods_LaarcIOS.framework; sourceTree = BUILT_PRODUCTS_DIR; };
		5766EEA46BA0D64F98DA6F26 /* Pods-LaarcIOS.release.xcconfig */ = {isa = PBXFileReference; includeInIndex = 1; lastKnownFileType = text.xcconfig; name = "Pods-LaarcIOS.release.xcconfig"; path = "Pods/Target Support Files/Pods-LaarcIOS/Pods-LaarcIOS.release.xcconfig"; sourceTree = "<group>"; };
		7D08B0AC8D9380231F9CE72D /* Pods_LaarcIOSShareExtension.framework */ = {isa = PBXFileReference; explicitFileType = wrapper.framework; includeInIndex = 0; path = Pods_LaarcIOSShareExtension.framework; sourceTree = BUILT_PRODUCTS_DIR; };
		9461894667BC3F588E93DC21 /* Pods_LaarcIOSUITests.framework */ = {isa = PBXFileReference; explicitFileType = wrapper.framework; includeInIndex = 0; path = Pods_LaarcIOSUITests.framework; sourceTree = BUILT_PRODUCTS_DIR; };
		A16A1C4021F28E350011F0FA /* LIOUtils.swift */ = {isa = PBXFileReference; lastKnownFileType = sourcecode.swift; path = LIOUtils.swift; sourceTree = "<group>"; };
		A1B8503F21F2D36300962B1B /* LIOAddCommentViewController.swift */ = {isa = PBXFileReference; lastKnownFileType = sourcecode.swift; path = LIOAddCommentViewController.swift; sourceTree = "<group>"; };
		A1B8504121F2DA9300962B1B /* LIOStoryDetailTableHeader.swift */ = {isa = PBXFileReference; lastKnownFileType = sourcecode.swift; path = LIOStoryDetailTableHeader.swift; sourceTree = "<group>"; };
		A1B8504321F2DAA000962B1B /* LIOStoryDetailTableHeader.xib */ = {isa = PBXFileReference; lastKnownFileType = file.xib; path = LIOStoryDetailTableHeader.xib; sourceTree = "<group>"; };
		A1B8504721F2E08500962B1B /* LIOCommentTableViewCell.swift */ = {isa = PBXFileReference; lastKnownFileType = sourcecode.swift; path = LIOCommentTableViewCell.swift; sourceTree = "<group>"; };
		A1B8504921F2E0AE00962B1B /* LIOCommentTableViewCell.xib */ = {isa = PBXFileReference; lastKnownFileType = file.xib; path = LIOCommentTableViewCell.xib; sourceTree = "<group>"; };
		A1B8504B21F2E0CC00962B1B /* LIOUpvoteButton.xib */ = {isa = PBXFileReference; lastKnownFileType = file.xib; path = LIOUpvoteButton.xib; sourceTree = "<group>"; };
		A1B8504D21F2E0F700962B1B /* LIODownvoteButton.xib */ = {isa = PBXFileReference; lastKnownFileType = file.xib; path = LIODownvoteButton.xib; sourceTree = "<group>"; };
		A1B8504F21F2E13400962B1B /* LIOUpvoteButton.swift */ = {isa = PBXFileReference; lastKnownFileType = sourcecode.swift; path = LIOUpvoteButton.swift; sourceTree = "<group>"; };
		A1B8505121F2E16100962B1B /* LIODownvoteButton.swift */ = {isa = PBXFileReference; lastKnownFileType = sourcecode.swift; path = LIODownvoteButton.swift; sourceTree = "<group>"; };
		A1C60CC221F16ED20017EDE0 /* LaarcIOS.app */ = {isa = PBXFileReference; explicitFileType = wrapper.application; includeInIndex = 0; path = LaarcIOS.app; sourceTree = BUILT_PRODUCTS_DIR; };
		A1C60CC521F16ED20017EDE0 /* AppDelegate.swift */ = {isa = PBXFileReference; lastKnownFileType = sourcecode.swift; path = AppDelegate.swift; sourceTree = "<group>"; };
		A1C60CC721F16ED20017EDE0 /* FirstViewController.swift */ = {isa = PBXFileReference; lastKnownFileType = sourcecode.swift; path = FirstViewController.swift; sourceTree = "<group>"; };
		A1C60CC921F16ED20017EDE0 /* SecondViewController.swift */ = {isa = PBXFileReference; lastKnownFileType = sourcecode.swift; path = SecondViewController.swift; sourceTree = "<group>"; };
		A1C60CCC21F16ED20017EDE0 /* Base */ = {isa = PBXFileReference; lastKnownFileType = file.storyboard; name = Base; path = Base.lproj/Main.storyboard; sourceTree = "<group>"; };
		A1C60CCE21F16ED40017EDE0 /* Assets.xcassets */ = {isa = PBXFileReference; lastKnownFileType = folder.assetcatalog; path = Assets.xcassets; sourceTree = "<group>"; };
		A1C60CD121F16ED40017EDE0 /* Base */ = {isa = PBXFileReference; lastKnownFileType = file.storyboard; name = Base; path = Base.lproj/LaunchScreen.storyboard; sourceTree = "<group>"; };
		A1C60CD321F16ED40017EDE0 /* Info.plist */ = {isa = PBXFileReference; lastKnownFileType = text.plist.xml; path = Info.plist; sourceTree = "<group>"; };
		A1C60CD821F16ED40017EDE0 /* LaarcIOSTests.xctest */ = {isa = PBXFileReference; explicitFileType = wrapper.cfbundle; includeInIndex = 0; path = LaarcIOSTests.xctest; sourceTree = BUILT_PRODUCTS_DIR; };
		A1C60CDC21F16ED40017EDE0 /* LaarcIOSTests.swift */ = {isa = PBXFileReference; lastKnownFileType = sourcecode.swift; path = LaarcIOSTests.swift; sourceTree = "<group>"; };
		A1C60CDE21F16ED40017EDE0 /* Info.plist */ = {isa = PBXFileReference; lastKnownFileType = text.plist.xml; path = Info.plist; sourceTree = "<group>"; };
		A1C60CE321F16ED40017EDE0 /* LaarcIOSUITests.xctest */ = {isa = PBXFileReference; explicitFileType = wrapper.cfbundle; includeInIndex = 0; path = LaarcIOSUITests.xctest; sourceTree = BUILT_PRODUCTS_DIR; };
		A1C60CE721F16ED40017EDE0 /* LaarcIOSUITests.swift */ = {isa = PBXFileReference; lastKnownFileType = sourcecode.swift; path = LaarcIOSUITests.swift; sourceTree = "<group>"; };
		A1C60CE921F16ED40017EDE0 /* Info.plist */ = {isa = PBXFileReference; lastKnownFileType = text.plist.xml; path = Info.plist; sourceTree = "<group>"; };
		A1C60CF921F16F8F0017EDE0 /* LaarcIOSShareExtension.appex */ = {isa = PBXFileReference; explicitFileType = "wrapper.app-extension"; includeInIndex = 0; path = LaarcIOSShareExtension.appex; sourceTree = BUILT_PRODUCTS_DIR; };
		A1C60CFB21F16F8F0017EDE0 /* ShareViewController.swift */ = {isa = PBXFileReference; lastKnownFileType = sourcecode.swift; path = ShareViewController.swift; sourceTree = "<group>"; };
		A1C60CFE21F16F8F0017EDE0 /* Base */ = {isa = PBXFileReference; lastKnownFileType = file.storyboard; name = Base; path = Base.lproj/MainInterface.storyboard; sourceTree = "<group>"; };
		A1C60D0021F16F8F0017EDE0 /* Info.plist */ = {isa = PBXFileReference; lastKnownFileType = text.plist.xml; path = Info.plist; sourceTree = "<group>"; };
		A1C60D0821F16FAB0017EDE0 /* LaarcIOS.entitlements */ = {isa = PBXFileReference; lastKnownFileType = text.plist.entitlements; path = LaarcIOS.entitlements; sourceTree = "<group>"; };
		A1C60D0921F16FC00017EDE0 /* LaarcIOSShareExtension.entitlements */ = {isa = PBXFileReference; lastKnownFileType = text.plist.entitlements; path = LaarcIOSShareExtension.entitlements; sourceTree = "<group>"; };
		A1C60D0C21F171A40017EDE0 /* LIOGetUrl.js */ = {isa = PBXFileReference; lastKnownFileType = sourcecode.javascript; path = LIOGetUrl.js; sourceTree = "<group>"; };
		A1C60D0E21F1741B0017EDE0 /* GoogleService-Info.plist */ = {isa = PBXFileReference; fileEncoding = 4; lastKnownFileType = text.plist.xml; path = "GoogleService-Info.plist"; sourceTree = "<group>"; };
		A1C60D1221F175550017EDE0 /* LIOTopStoriesViewController.swift */ = {isa = PBXFileReference; lastKnownFileType = sourcecode.swift; path = LIOTopStoriesViewController.swift; sourceTree = "<group>"; };
		A1C60D1421F176110017EDE0 /* LIOApi.swift */ = {isa = PBXFileReference; indentWidth = 4; lastKnownFileType = sourcecode.swift; path = LIOApi.swift; sourceTree = "<group>"; tabWidth = 4; };
		A1C60D1621F176F10017EDE0 /* LIOConstants.swift */ = {isa = PBXFileReference; lastKnownFileType = sourcecode.swift; path = LIOConstants.swift; sourceTree = "<group>"; };
		A1C60D1821F17CB20017EDE0 /* LIOItem.swift */ = {isa = PBXFileReference; lastKnownFileType = sourcecode.swift; path = LIOItem.swift; sourceTree = "<group>"; };
		A1C60D1B21F190E50017EDE0 /* LIOTopStoryTableViewCell.swift */ = {isa = PBXFileReference; lastKnownFileType = sourcecode.swift; path = LIOTopStoryTableViewCell.swift; sourceTree = "<group>"; };
		A1C60D1D21F19BF90017EDE0 /* TimeAgo.swift */ = {isa = PBXFileReference; lastKnownFileType = sourcecode.swift; path = TimeAgo.swift; sourceTree = "<group>"; };
		A1C60D1F21F1A6020017EDE0 /* LIOTopStoryDetailViewController.swift */ = {isa = PBXFileReference; lastKnownFileType = sourcecode.swift; path = LIOTopStoryDetailViewController.swift; sourceTree = "<group>"; };
		E3DBB16B7A9CFFDF43C5CAB5 /* Pods-LaarcIOSTests.debug.xcconfig */ = {isa = PBXFileReference; includeInIndex = 1; lastKnownFileType = text.xcconfig; name = "Pods-LaarcIOSTests.debug.xcconfig"; path = "Pods/Target Support Files/Pods-LaarcIOSTests/Pods-LaarcIOSTests.debug.xcconfig"; sourceTree = "<group>"; };
		E95132BBC8F3E35F3D32C203 /* Pods-LaarcIOS.debug.xcconfig */ = {isa = PBXFileReference; includeInIndex = 1; lastKnownFileType = text.xcconfig; name = "Pods-LaarcIOS.debug.xcconfig"; path = "Pods/Target Support Files/Pods-LaarcIOS/Pods-LaarcIOS.debug.xcconfig"; sourceTree = "<group>"; };
/* End PBXFileReference section */

/* Begin PBXFrameworksBuildPhase section */
		A1C60CBF21F16ED20017EDE0 /* Frameworks */ = {
			isa = PBXFrameworksBuildPhase;
			buildActionMask = 2147483647;
			files = (
				80371CF0DD24413AEF2282B8 /* Pods_LaarcIOS.framework in Frameworks */,
			);
			runOnlyForDeploymentPostprocessing = 0;
		};
		A1C60CD521F16ED40017EDE0 /* Frameworks */ = {
			isa = PBXFrameworksBuildPhase;
			buildActionMask = 2147483647;
			files = (
				9D353324F2306895899BB74E /* Pods_LaarcIOSTests.framework in Frameworks */,
			);
			runOnlyForDeploymentPostprocessing = 0;
		};
		A1C60CE021F16ED40017EDE0 /* Frameworks */ = {
			isa = PBXFrameworksBuildPhase;
			buildActionMask = 2147483647;
			files = (
				B8D85E53AC8184AB558743B3 /* Pods_LaarcIOSUITests.framework in Frameworks */,
			);
			runOnlyForDeploymentPostprocessing = 0;
		};
		A1C60CF621F16F8F0017EDE0 /* Frameworks */ = {
			isa = PBXFrameworksBuildPhase;
			buildActionMask = 2147483647;
			files = (
				98921A5015FB55FD0451817C /* Pods_LaarcIOSShareExtension.framework in Frameworks */,
			);
			runOnlyForDeploymentPostprocessing = 0;
		};
/* End PBXFrameworksBuildPhase section */

/* Begin PBXGroup section */
		6501A7AEB3BA1BF9CB0BCC8F /* Pods */ = {
			isa = PBXGroup;
			children = (
				E95132BBC8F3E35F3D32C203 /* Pods-LaarcIOS.debug.xcconfig */,
				5766EEA46BA0D64F98DA6F26 /* Pods-LaarcIOS.release.xcconfig */,
				059EF00A14F2CA4E1D581052 /* Pods-LaarcIOSShareExtension.debug.xcconfig */,
				03771D220B35593517E21A8A /* Pods-LaarcIOSShareExtension.release.xcconfig */,
				E3DBB16B7A9CFFDF43C5CAB5 /* Pods-LaarcIOSTests.debug.xcconfig */,
				1B1E674BE4E93545459BF77D /* Pods-LaarcIOSTests.release.xcconfig */,
				28BF7DE0820DED5CAC4358BD /* Pods-LaarcIOSUITests.debug.xcconfig */,
				06037886A0F886925E26DC3A /* Pods-LaarcIOSUITests.release.xcconfig */,
			);
			name = Pods;
			sourceTree = "<group>";
		};
		9F1A4EC4E10A41B5555E9620 /* Frameworks */ = {
			isa = PBXGroup;
			children = (
				5282795D3802F29E64FD0C07 /* Pods_LaarcIOS.framework */,
				7D08B0AC8D9380231F9CE72D /* Pods_LaarcIOSShareExtension.framework */,
				4F9E9CBE51B4E8D8CCE9161A /* Pods_LaarcIOSTests.framework */,
				9461894667BC3F588E93DC21 /* Pods_LaarcIOSUITests.framework */,
			);
			name = Frameworks;
			sourceTree = "<group>";
		};
		A1C60CB921F16ED20017EDE0 = {
			isa = PBXGroup;
			children = (
				A1C60CC421F16ED20017EDE0 /* LaarcIOS */,
				A1C60CDB21F16ED40017EDE0 /* LaarcIOSTests */,
				A1C60CE621F16ED40017EDE0 /* LaarcIOSUITests */,
				A1C60CFA21F16F8F0017EDE0 /* LaarcIOSShareExtension */,
				A1C60CC321F16ED20017EDE0 /* Products */,
				6501A7AEB3BA1BF9CB0BCC8F /* Pods */,
				9F1A4EC4E10A41B5555E9620 /* Frameworks */,
			);
			sourceTree = "<group>";
		};
		A1C60CC321F16ED20017EDE0 /* Products */ = {
			isa = PBXGroup;
			children = (
				A1C60CC221F16ED20017EDE0 /* LaarcIOS.app */,
				A1C60CD821F16ED40017EDE0 /* LaarcIOSTests.xctest */,
				A1C60CE321F16ED40017EDE0 /* LaarcIOSUITests.xctest */,
				A1C60CF921F16F8F0017EDE0 /* LaarcIOSShareExtension.appex */,
			);
			name = Products;
			sourceTree = "<group>";
		};
		A1C60CC421F16ED20017EDE0 /* LaarcIOS */ = {
			isa = PBXGroup;
			children = (
				A1C60D1A21F17CD40017EDE0 /* Story */,
				A1C60D1121F1753F0017EDE0 /* TopStories */,
				A1C60D1021F175360017EDE0 /* Api */,
				A1C60D0E21F1741B0017EDE0 /* GoogleService-Info.plist */,
				A1C60D0821F16FAB0017EDE0 /* LaarcIOS.entitlements */,
				A1C60CC521F16ED20017EDE0 /* AppDelegate.swift */,
				A1C60CC721F16ED20017EDE0 /* FirstViewController.swift */,
				A1C60CC921F16ED20017EDE0 /* SecondViewController.swift */,
				A1C60CCB21F16ED20017EDE0 /* Main.storyboard */,
				A1C60CCE21F16ED40017EDE0 /* Assets.xcassets */,
				A1C60CD021F16ED40017EDE0 /* LaunchScreen.storyboard */,
				A1C60CD321F16ED40017EDE0 /* Info.plist */,
				A1C60D1D21F19BF90017EDE0 /* TimeAgo.swift */,
			);
			path = LaarcIOS;
			sourceTree = "<group>";
		};
		A1C60CDB21F16ED40017EDE0 /* LaarcIOSTests */ = {
			isa = PBXGroup;
			children = (
				A1C60CDC21F16ED40017EDE0 /* LaarcIOSTests.swift */,
				A1C60CDE21F16ED40017EDE0 /* Info.plist */,
			);
			path = LaarcIOSTests;
			sourceTree = "<group>";
		};
		A1C60CE621F16ED40017EDE0 /* LaarcIOSUITests */ = {
			isa = PBXGroup;
			children = (
				A1C60CE721F16ED40017EDE0 /* LaarcIOSUITests.swift */,
				A1C60CE921F16ED40017EDE0 /* Info.plist */,
			);
			path = LaarcIOSUITests;
			sourceTree = "<group>";
		};
		A1C60CFA21F16F8F0017EDE0 /* LaarcIOSShareExtension */ = {
			isa = PBXGroup;
			children = (
				A1C60D0921F16FC00017EDE0 /* LaarcIOSShareExtension.entitlements */,
				A1C60CFB21F16F8F0017EDE0 /* ShareViewController.swift */,
				A1C60CFD21F16F8F0017EDE0 /* MainInterface.storyboard */,
				A1C60D0021F16F8F0017EDE0 /* Info.plist */,
				A1C60D0C21F171A40017EDE0 /* LIOGetUrl.js */,
			);
			path = LaarcIOSShareExtension;
			sourceTree = "<group>";
		};
		A1C60D1021F175360017EDE0 /* Api */ = {
			isa = PBXGroup;
			children = (
				A1C60D1621F176F10017EDE0 /* LIOConstants.swift */,
				A1C60D1421F176110017EDE0 /* LIOApi.swift */,
				A16A1C4021F28E350011F0FA /* LIOUtils.swift */,
			);
			path = Api;
			sourceTree = "<group>";
		};
		A1C60D1121F1753F0017EDE0 /* TopStories */ = {
			isa = PBXGroup;
			children = (
				A1C60D1221F175550017EDE0 /* LIOTopStoriesViewController.swift */,
				A1C60D1B21F190E50017EDE0 /* LIOTopStoryTableViewCell.swift */,
				A1C60D1F21F1A6020017EDE0 /* LIOTopStoryDetailViewController.swift */,
				A1B8503F21F2D36300962B1B /* LIOAddCommentViewController.swift */,
				A1B8504121F2DA9300962B1B /* LIOStoryDetailTableHeader.swift */,
				A1B8504321F2DAA000962B1B /* LIOStoryDetailTableHeader.xib */,
				A1B8504721F2E08500962B1B /* LIOCommentTableViewCell.swift */,
				A1B8504921F2E0AE00962B1B /* LIOCommentTableViewCell.xib */,
				A1B8504B21F2E0CC00962B1B /* LIOUpvoteButton.xib */,
				A1B8504D21F2E0F700962B1B /* LIODownvoteButton.xib */,
				A1B8504F21F2E13400962B1B /* LIOUpvoteButton.swift */,
				A1B8505121F2E16100962B1B /* LIODownvoteButton.swift */,
			);
			path = TopStories;
			sourceTree = "<group>";
		};
		A1C60D1A21F17CD40017EDE0 /* Story */ = {
			isa = PBXGroup;
			children = (
				A1C60D1821F17CB20017EDE0 /* LIOItem.swift */,
			);
			path = Story;
			sourceTree = "<group>";
		};
/* End PBXGroup section */

/* Begin PBXNativeTarget section */
		A1C60CC121F16ED20017EDE0 /* LaarcIOS */ = {
			isa = PBXNativeTarget;
			buildConfigurationList = A1C60CEC21F16ED40017EDE0 /* Build configuration list for PBXNativeTarget "LaarcIOS" */;
			buildPhases = (
				7964F54C140F401C5BC88B8A /* [CP] Check Pods Manifest.lock */,
				A1C60CBE21F16ED20017EDE0 /* Sources */,
				A1C60CBF21F16ED20017EDE0 /* Frameworks */,
				A1C60CC021F16ED20017EDE0 /* Resources */,
				A1C60D0721F16F8F0017EDE0 /* Embed App Extensions */,
				D8D631A1C941030E454C3C57 /* [CP] Embed Pods Frameworks */,
			);
			buildRules = (
			);
			dependencies = (
				A1C60D0221F16F8F0017EDE0 /* PBXTargetDependency */,
			);
			name = LaarcIOS;
			productName = LaarcIOS;
			productReference = A1C60CC221F16ED20017EDE0 /* LaarcIOS.app */;
			productType = "com.apple.product-type.application";
		};
		A1C60CD721F16ED40017EDE0 /* LaarcIOSTests */ = {
			isa = PBXNativeTarget;
			buildConfigurationList = A1C60CEF21F16ED40017EDE0 /* Build configuration list for PBXNativeTarget "LaarcIOSTests" */;
			buildPhases = (
				45D08BB6FB41573863166CDE /* [CP] Check Pods Manifest.lock */,
				A1C60CD421F16ED40017EDE0 /* Sources */,
				A1C60CD521F16ED40017EDE0 /* Frameworks */,
				A1C60CD621F16ED40017EDE0 /* Resources */,
			);
			buildRules = (
			);
			dependencies = (
				A1C60CDA21F16ED40017EDE0 /* PBXTargetDependency */,
			);
			name = LaarcIOSTests;
			productName = LaarcIOSTests;
			productReference = A1C60CD821F16ED40017EDE0 /* LaarcIOSTests.xctest */;
			productType = "com.apple.product-type.bundle.unit-test";
		};
		A1C60CE221F16ED40017EDE0 /* LaarcIOSUITests */ = {
			isa = PBXNativeTarget;
			buildConfigurationList = A1C60CF221F16ED40017EDE0 /* Build configuration list for PBXNativeTarget "LaarcIOSUITests" */;
			buildPhases = (
				02803C0DE5F68EE910754FF3 /* [CP] Check Pods Manifest.lock */,
				A1C60CDF21F16ED40017EDE0 /* Sources */,
				A1C60CE021F16ED40017EDE0 /* Frameworks */,
				A1C60CE121F16ED40017EDE0 /* Resources */,
			);
			buildRules = (
			);
			dependencies = (
				A1C60CE521F16ED40017EDE0 /* PBXTargetDependency */,
			);
			name = LaarcIOSUITests;
			productName = LaarcIOSUITests;
			productReference = A1C60CE321F16ED40017EDE0 /* LaarcIOSUITests.xctest */;
			productType = "com.apple.product-type.bundle.ui-testing";
		};
		A1C60CF821F16F8F0017EDE0 /* LaarcIOSShareExtension */ = {
			isa = PBXNativeTarget;
			buildConfigurationList = A1C60D0421F16F8F0017EDE0 /* Build configuration list for PBXNativeTarget "LaarcIOSShareExtension" */;
			buildPhases = (
				E2DBE98FC9709DB78AE094A2 /* [CP] Check Pods Manifest.lock */,
				A1C60CF521F16F8F0017EDE0 /* Sources */,
				A1C60CF621F16F8F0017EDE0 /* Frameworks */,
				A1C60CF721F16F8F0017EDE0 /* Resources */,
			);
			buildRules = (
			);
			dependencies = (
			);
			name = LaarcIOSShareExtension;
			productName = LaarcIOSShareExtension;
			productReference = A1C60CF921F16F8F0017EDE0 /* LaarcIOSShareExtension.appex */;
			productType = "com.apple.product-type.app-extension";
		};
/* End PBXNativeTarget section */

/* Begin PBXProject section */
		A1C60CBA21F16ED20017EDE0 /* Project object */ = {
			isa = PBXProject;
			attributes = {
				LastSwiftUpdateCheck = 1010;
				LastUpgradeCheck = 1010;
				ORGANIZATIONNAME = "Emily Kolar";
				TargetAttributes = {
					A1C60CC121F16ED20017EDE0 = {
						CreatedOnToolsVersion = 10.1;
						SystemCapabilities = {
							com.apple.ApplicationGroups.iOS = {
								enabled = 1;
							};
							com.apple.AutoFillCredentialProvider = {
								enabled = 0;
							};
							com.apple.BackgroundModes = {
								enabled = 0;
							};
							com.apple.SafariKeychain = {
								enabled = 1;
							};
						};
					};
					A1C60CD721F16ED40017EDE0 = {
						CreatedOnToolsVersion = 10.1;
						TestTargetID = A1C60CC121F16ED20017EDE0;
					};
					A1C60CE221F16ED40017EDE0 = {
						CreatedOnToolsVersion = 10.1;
						TestTargetID = A1C60CC121F16ED20017EDE0;
					};
					A1C60CF821F16F8F0017EDE0 = {
						CreatedOnToolsVersion = 10.1;
						SystemCapabilities = {
							com.apple.ApplicationGroups.iOS = {
								enabled = 1;
							};
						};
					};
				};
			};
			buildConfigurationList = A1C60CBD21F16ED20017EDE0 /* Build configuration list for PBXProject "LaarcIOS" */;
			compatibilityVersion = "Xcode 9.3";
			developmentRegion = en;
			hasScannedForEncodings = 0;
			knownRegions = (
				en,
				Base,
			);
			mainGroup = A1C60CB921F16ED20017EDE0;
			productRefGroup = A1C60CC321F16ED20017EDE0 /* Products */;
			projectDirPath = "";
			projectRoot = "";
			targets = (
				A1C60CC121F16ED20017EDE0 /* LaarcIOS */,
				A1C60CD721F16ED40017EDE0 /* LaarcIOSTests */,
				A1C60CE221F16ED40017EDE0 /* LaarcIOSUITests */,
				A1C60CF821F16F8F0017EDE0 /* LaarcIOSShareExtension */,
			);
		};
/* End PBXProject section */

/* Begin PBXResourcesBuildPhase section */
		A1C60CC021F16ED20017EDE0 /* Resources */ = {
			isa = PBXResourcesBuildPhase;
			buildActionMask = 2147483647;
			files = (
				A1C60D0A21F170270017EDE0 /* LaarcIOS.entitlements in Resources */,
				A1C60CD221F16ED40017EDE0 /* LaunchScreen.storyboard in Resources */,
				A1C60D0F21F1741B0017EDE0 /* GoogleService-Info.plist in Resources */,
				A1B8504A21F2E0AE00962B1B /* LIOCommentTableViewCell.xib in Resources */,
				A1B8504E21F2E0F700962B1B /* LIODownvoteButton.xib in Resources */,
				A1C60CCF21F16ED40017EDE0 /* Assets.xcassets in Resources */,
				A1C60CCD21F16ED20017EDE0 /* Main.storyboard in Resources */,
				A1B8504421F2DAA000962B1B /* LIOStoryDetailTableHeader.xib in Resources */,
				A1B8504C21F2E0CC00962B1B /* LIOUpvoteButton.xib in Resources */,
			);
			runOnlyForDeploymentPostprocessing = 0;
		};
		A1C60CD621F16ED40017EDE0 /* Resources */ = {
			isa = PBXResourcesBuildPhase;
			buildActionMask = 2147483647;
			files = (
			);
			runOnlyForDeploymentPostprocessing = 0;
		};
		A1C60CE121F16ED40017EDE0 /* Resources */ = {
			isa = PBXResourcesBuildPhase;
			buildActionMask = 2147483647;
			files = (
			);
			runOnlyForDeploymentPostprocessing = 0;
		};
		A1C60CF721F16F8F0017EDE0 /* Resources */ = {
			isa = PBXResourcesBuildPhase;
			buildActionMask = 2147483647;
			files = (
				A1C60D0B21F170330017EDE0 /* LaarcIOS.entitlements in Resources */,
				A1C60D0D21F171A40017EDE0 /* LIOGetUrl.js in Resources */,
				A1C60CFF21F16F8F0017EDE0 /* MainInterface.storyboard in Resources */,
			);
			runOnlyForDeploymentPostprocessing = 0;
		};
/* End PBXResourcesBuildPhase section */

/* Begin PBXShellScriptBuildPhase section */
		02803C0DE5F68EE910754FF3 /* [CP] Check Pods Manifest.lock */ = {
			isa = PBXShellScriptBuildPhase;
			buildActionMask = 2147483647;
			files = (
			);
			inputPaths = (
				"${PODS_PODFILE_DIR_PATH}/Podfile.lock",
				"${PODS_ROOT}/Manifest.lock",
			);
			name = "[CP] Check Pods Manifest.lock";
			outputPaths = (
				"$(DERIVED_FILE_DIR)/Pods-LaarcIOSUITests-checkManifestLockResult.txt",
			);
			runOnlyForDeploymentPostprocessing = 0;
			shellPath = /bin/sh;
			shellScript = "diff \"${PODS_PODFILE_DIR_PATH}/Podfile.lock\" \"${PODS_ROOT}/Manifest.lock\" > /dev/null\nif [ $? != 0 ] ; then\n    # print error to STDERR\n    echo \"error: The sandbox is not in sync with the Podfile.lock. Run 'pod install' or update your CocoaPods installation.\" >&2\n    exit 1\nfi\n# This output is used by Xcode 'outputs' to avoid re-running this script phase.\necho \"SUCCESS\" > \"${SCRIPT_OUTPUT_FILE_0}\"\n";
			showEnvVarsInLog = 0;
		};
		45D08BB6FB41573863166CDE /* [CP] Check Pods Manifest.lock */ = {
			isa = PBXShellScriptBuildPhase;
			buildActionMask = 2147483647;
			files = (
			);
			inputPaths = (
				"${PODS_PODFILE_DIR_PATH}/Podfile.lock",
				"${PODS_ROOT}/Manifest.lock",
			);
			name = "[CP] Check Pods Manifest.lock";
			outputPaths = (
				"$(DERIVED_FILE_DIR)/Pods-LaarcIOSTests-checkManifestLockResult.txt",
			);
			runOnlyForDeploymentPostprocessing = 0;
			shellPath = /bin/sh;
			shellScript = "diff \"${PODS_PODFILE_DIR_PATH}/Podfile.lock\" \"${PODS_ROOT}/Manifest.lock\" > /dev/null\nif [ $? != 0 ] ; then\n    # print error to STDERR\n    echo \"error: The sandbox is not in sync with the Podfile.lock. Run 'pod install' or update your CocoaPods installation.\" >&2\n    exit 1\nfi\n# This output is used by Xcode 'outputs' to avoid re-running this script phase.\necho \"SUCCESS\" > \"${SCRIPT_OUTPUT_FILE_0}\"\n";
			showEnvVarsInLog = 0;
		};
		7964F54C140F401C5BC88B8A /* [CP] Check Pods Manifest.lock */ = {
			isa = PBXShellScriptBuildPhase;
			buildActionMask = 2147483647;
			files = (
			);
			inputPaths = (
				"${PODS_PODFILE_DIR_PATH}/Podfile.lock",
				"${PODS_ROOT}/Manifest.lock",
			);
			name = "[CP] Check Pods Manifest.lock";
			outputPaths = (
				"$(DERIVED_FILE_DIR)/Pods-LaarcIOS-checkManifestLockResult.txt",
			);
			runOnlyForDeploymentPostprocessing = 0;
			shellPath = /bin/sh;
			shellScript = "diff \"${PODS_PODFILE_DIR_PATH}/Podfile.lock\" \"${PODS_ROOT}/Manifest.lock\" > /dev/null\nif [ $? != 0 ] ; then\n    # print error to STDERR\n    echo \"error: The sandbox is not in sync with the Podfile.lock. Run 'pod install' or update your CocoaPods installation.\" >&2\n    exit 1\nfi\n# This output is used by Xcode 'outputs' to avoid re-running this script phase.\necho \"SUCCESS\" > \"${SCRIPT_OUTPUT_FILE_0}\"\n";
			showEnvVarsInLog = 0;
		};
		D8D631A1C941030E454C3C57 /* [CP] Embed Pods Frameworks */ = {
			isa = PBXShellScriptBuildPhase;
			buildActionMask = 2147483647;
			files = (
			);
			inputPaths = (
				"${SRCROOT}/Pods/Target Support Files/Pods-LaarcIOS/Pods-LaarcIOS-frameworks.sh",
				"${BUILT_PRODUCTS_DIR}/GoogleUtilities/GoogleUtilities.framework",
				"${BUILT_PRODUCTS_DIR}/InputBarAccessoryView/InputBarAccessoryView.framework",
				"${BUILT_PRODUCTS_DIR}/leveldb-library/leveldb.framework",
				"${BUILT_PRODUCTS_DIR}/nanopb/nanopb.framework",
			);
			name = "[CP] Embed Pods Frameworks";
			outputPaths = (
				"${TARGET_BUILD_DIR}/${FRAMEWORKS_FOLDER_PATH}/GoogleUtilities.framework",
				"${TARGET_BUILD_DIR}/${FRAMEWORKS_FOLDER_PATH}/InputBarAccessoryView.framework",
				"${TARGET_BUILD_DIR}/${FRAMEWORKS_FOLDER_PATH}/leveldb.framework",
				"${TARGET_BUILD_DIR}/${FRAMEWORKS_FOLDER_PATH}/nanopb.framework",
			);
			runOnlyForDeploymentPostprocessing = 0;
			shellPath = /bin/sh;
			shellScript = "\"${SRCROOT}/Pods/Target Support Files/Pods-LaarcIOS/Pods-LaarcIOS-frameworks.sh\"\n";
			showEnvVarsInLog = 0;
		};
		E2DBE98FC9709DB78AE094A2 /* [CP] Check Pods Manifest.lock */ = {
			isa = PBXShellScriptBuildPhase;
			buildActionMask = 2147483647;
			files = (
			);
			inputPaths = (
				"${PODS_PODFILE_DIR_PATH}/Podfile.lock",
				"${PODS_ROOT}/Manifest.lock",
			);
			name = "[CP] Check Pods Manifest.lock";
			outputPaths = (
				"$(DERIVED_FILE_DIR)/Pods-LaarcIOSShareExtension-checkManifestLockResult.txt",
			);
			runOnlyForDeploymentPostprocessing = 0;
			shellPath = /bin/sh;
			shellScript = "diff \"${PODS_PODFILE_DIR_PATH}/Podfile.lock\" \"${PODS_ROOT}/Manifest.lock\" > /dev/null\nif [ $? != 0 ] ; then\n    # print error to STDERR\n    echo \"error: The sandbox is not in sync with the Podfile.lock. Run 'pod install' or update your CocoaPods installation.\" >&2\n    exit 1\nfi\n# This output is used by Xcode 'outputs' to avoid re-running this script phase.\necho \"SUCCESS\" > \"${SCRIPT_OUTPUT_FILE_0}\"\n";
			showEnvVarsInLog = 0;
		};
/* End PBXShellScriptBuildPhase section */

/* Begin PBXSourcesBuildPhase section */
		A1C60CBE21F16ED20017EDE0 /* Sources */ = {
			isa = PBXSourcesBuildPhase;
			buildActionMask = 2147483647;
			files = (
				A1C60D1921F17CB20017EDE0 /* LIOItem.swift in Sources */,
				A1C60CCA21F16ED20017EDE0 /* SecondViewController.swift in Sources */,
				A1C60D1E21F19BF90017EDE0 /* TimeAgo.swift in Sources */,
				A1B8505021F2E13400962B1B /* LIOUpvoteButton.swift in Sources */,
				A1B8504221F2DA9300962B1B /* LIOStoryDetailTableHeader.swift in Sources */,
				A1C60D1521F176110017EDE0 /* LIOApi.swift in Sources */,
				A16A1C4121F28E350011F0FA /* LIOUtils.swift in Sources */,
				A1B8504821F2E08500962B1B /* LIOCommentTableViewCell.swift in Sources */,
				A1B8505221F2E16100962B1B /* LIODownvoteButton.swift in Sources */,
				A1C60D1321F175550017EDE0 /* LIOTopStoriesViewController.swift in Sources */,
				A1C60D1C21F190E50017EDE0 /* LIOTopStoryTableViewCell.swift in Sources */,
				A1C60D2021F1A6020017EDE0 /* LIOTopStoryDetailViewController.swift in Sources */,
				A1C60CC621F16ED20017EDE0 /* AppDelegate.swift in Sources */,
				A1B8504021F2D36300962B1B /* LIOAddCommentViewController.swift in Sources */,
				A1C60D1721F176F10017EDE0 /* LIOConstants.swift in Sources */,
				A1C60CC821F16ED20017EDE0 /* FirstViewController.swift in Sources */,
			);
			runOnlyForDeploymentPostprocessing = 0;
		};
		A1C60CD421F16ED40017EDE0 /* Sources */ = {
			isa = PBXSourcesBuildPhase;
			buildActionMask = 2147483647;
			files = (
				A1C60CDD21F16ED40017EDE0 /* LaarcIOSTests.swift in Sources */,
			);
			runOnlyForDeploymentPostprocessing = 0;
		};
		A1C60CDF21F16ED40017EDE0 /* Sources */ = {
			isa = PBXSourcesBuildPhase;
			buildActionMask = 2147483647;
			files = (
				A1C60CE821F16ED40017EDE0 /* LaarcIOSUITests.swift in Sources */,
			);
			runOnlyForDeploymentPostprocessing = 0;
		};
		A1C60CF521F16F8F0017EDE0 /* Sources */ = {
			isa = PBXSourcesBuildPhase;
			buildActionMask = 2147483647;
			files = (
				A1C60CFC21F16F8F0017EDE0 /* ShareViewController.swift in Sources */,
			);
			runOnlyForDeploymentPostprocessing = 0;
		};
/* End PBXSourcesBuildPhase section */

/* Begin PBXTargetDependency section */
		A1C60CDA21F16ED40017EDE0 /* PBXTargetDependency */ = {
			isa = PBXTargetDependency;
			target = A1C60CC121F16ED20017EDE0 /* LaarcIOS */;
			targetProxy = A1C60CD921F16ED40017EDE0 /* PBXContainerItemProxy */;
		};
		A1C60CE521F16ED40017EDE0 /* PBXTargetDependency */ = {
			isa = PBXTargetDependency;
			target = A1C60CC121F16ED20017EDE0 /* LaarcIOS */;
			targetProxy = A1C60CE421F16ED40017EDE0 /* PBXContainerItemProxy */;
		};
		A1C60D0221F16F8F0017EDE0 /* PBXTargetDependency */ = {
			isa = PBXTargetDependency;
			target = A1C60CF821F16F8F0017EDE0 /* LaarcIOSShareExtension */;
			targetProxy = A1C60D0121F16F8F0017EDE0 /* PBXContainerItemProxy */;
		};
/* End PBXTargetDependency section */

/* Begin PBXVariantGroup section */
		A1C60CCB21F16ED20017EDE0 /* Main.storyboard */ = {
			isa = PBXVariantGroup;
			children = (
				A1C60CCC21F16ED20017EDE0 /* Base */,
			);
			name = Main.storyboard;
			sourceTree = "<group>";
		};
		A1C60CD021F16ED40017EDE0 /* LaunchScreen.storyboard */ = {
			isa = PBXVariantGroup;
			children = (
				A1C60CD121F16ED40017EDE0 /* Base */,
			);
			name = LaunchScreen.storyboard;
			sourceTree = "<group>";
		};
		A1C60CFD21F16F8F0017EDE0 /* MainInterface.storyboard */ = {
			isa = PBXVariantGroup;
			children = (
				A1C60CFE21F16F8F0017EDE0 /* Base */,
			);
			name = MainInterface.storyboard;
			sourceTree = "<group>";
		};
/* End PBXVariantGroup section */

/* Begin XCBuildConfiguration section */
		A1C60CEA21F16ED40017EDE0 /* Debug */ = {
			isa = XCBuildConfiguration;
			buildSettings = {
				ALWAYS_SEARCH_USER_PATHS = NO;
				CLANG_ANALYZER_NONNULL = YES;
				CLANG_ANALYZER_NUMBER_OBJECT_CONVERSION = YES_AGGRESSIVE;
				CLANG_CXX_LANGUAGE_STANDARD = "gnu++14";
				CLANG_CXX_LIBRARY = "libc++";
				CLANG_ENABLE_MODULES = YES;
				CLANG_ENABLE_OBJC_ARC = YES;
				CLANG_ENABLE_OBJC_WEAK = YES;
				CLANG_WARN_BLOCK_CAPTURE_AUTORELEASING = YES;
				CLANG_WARN_BOOL_CONVERSION = YES;
				CLANG_WARN_COMMA = YES;
				CLANG_WARN_CONSTANT_CONVERSION = YES;
				CLANG_WARN_DEPRECATED_OBJC_IMPLEMENTATIONS = YES;
				CLANG_WARN_DIRECT_OBJC_ISA_USAGE = YES_ERROR;
				CLANG_WARN_DOCUMENTATION_COMMENTS = YES;
				CLANG_WARN_EMPTY_BODY = YES;
				CLANG_WARN_ENUM_CONVERSION = YES;
				CLANG_WARN_INFINITE_RECURSION = YES;
				CLANG_WARN_INT_CONVERSION = YES;
				CLANG_WARN_NON_LITERAL_NULL_CONVERSION = YES;
				CLANG_WARN_OBJC_IMPLICIT_RETAIN_SELF = YES;
				CLANG_WARN_OBJC_LITERAL_CONVERSION = YES;
				CLANG_WARN_OBJC_ROOT_CLASS = YES_ERROR;
				CLANG_WARN_RANGE_LOOP_ANALYSIS = YES;
				CLANG_WARN_STRICT_PROTOTYPES = YES;
				CLANG_WARN_SUSPICIOUS_MOVE = YES;
				CLANG_WARN_UNGUARDED_AVAILABILITY = YES_AGGRESSIVE;
				CLANG_WARN_UNREACHABLE_CODE = YES;
				CLANG_WARN__DUPLICATE_METHOD_MATCH = YES;
				CODE_SIGN_IDENTITY = "iPhone Developer";
				COPY_PHASE_STRIP = NO;
				DEBUG_INFORMATION_FORMAT = dwarf;
				ENABLE_STRICT_OBJC_MSGSEND = YES;
				ENABLE_TESTABILITY = YES;
				GCC_C_LANGUAGE_STANDARD = gnu11;
				GCC_DYNAMIC_NO_PIC = NO;
				GCC_NO_COMMON_BLOCKS = YES;
				GCC_OPTIMIZATION_LEVEL = 0;
				GCC_PREPROCESSOR_DEFINITIONS = (
					"DEBUG=1",
					"$(inherited)",
				);
				GCC_WARN_64_TO_32_BIT_CONVERSION = YES;
				GCC_WARN_ABOUT_RETURN_TYPE = YES_ERROR;
				GCC_WARN_UNDECLARED_SELECTOR = YES;
				GCC_WARN_UNINITIALIZED_AUTOS = YES_AGGRESSIVE;
				GCC_WARN_UNUSED_FUNCTION = YES;
				GCC_WARN_UNUSED_VARIABLE = YES;
				IPHONEOS_DEPLOYMENT_TARGET = 12.1;
				MTL_ENABLE_DEBUG_INFO = INCLUDE_SOURCE;
				MTL_FAST_MATH = YES;
				ONLY_ACTIVE_ARCH = YES;
				SDKROOT = iphoneos;
				SWIFT_ACTIVE_COMPILATION_CONDITIONS = DEBUG;
				SWIFT_OPTIMIZATION_LEVEL = "-Onone";
			};
			name = Debug;
		};
		A1C60CEB21F16ED40017EDE0 /* Release */ = {
			isa = XCBuildConfiguration;
			buildSettings = {
				ALWAYS_SEARCH_USER_PATHS = NO;
				CLANG_ANALYZER_NONNULL = YES;
				CLANG_ANALYZER_NUMBER_OBJECT_CONVERSION = YES_AGGRESSIVE;
				CLANG_CXX_LANGUAGE_STANDARD = "gnu++14";
				CLANG_CXX_LIBRARY = "libc++";
				CLANG_ENABLE_MODULES = YES;
				CLANG_ENABLE_OBJC_ARC = YES;
				CLANG_ENABLE_OBJC_WEAK = YES;
				CLANG_WARN_BLOCK_CAPTURE_AUTORELEASING = YES;
				CLANG_WARN_BOOL_CONVERSION = YES;
				CLANG_WARN_COMMA = YES;
				CLANG_WARN_CONSTANT_CONVERSION = YES;
				CLANG_WARN_DEPRECATED_OBJC_IMPLEMENTATIONS = YES;
				CLANG_WARN_DIRECT_OBJC_ISA_USAGE = YES_ERROR;
				CLANG_WARN_DOCUMENTATION_COMMENTS = YES;
				CLANG_WARN_EMPTY_BODY = YES;
				CLANG_WARN_ENUM_CONVERSION = YES;
				CLANG_WARN_INFINITE_RECURSION = YES;
				CLANG_WARN_INT_CONVERSION = YES;
				CLANG_WARN_NON_LITERAL_NULL_CONVERSION = YES;
				CLANG_WARN_OBJC_IMPLICIT_RETAIN_SELF = YES;
				CLANG_WARN_OBJC_LITERAL_CONVERSION = YES;
				CLANG_WARN_OBJC_ROOT_CLASS = YES_ERROR;
				CLANG_WARN_RANGE_LOOP_ANALYSIS = YES;
				CLANG_WARN_STRICT_PROTOTYPES = YES;
				CLANG_WARN_SUSPICIOUS_MOVE = YES;
				CLANG_WARN_UNGUARDED_AVAILABILITY = YES_AGGRESSIVE;
				CLANG_WARN_UNREACHABLE_CODE = YES;
				CLANG_WARN__DUPLICATE_METHOD_MATCH = YES;
				CODE_SIGN_IDENTITY = "iPhone Developer";
				COPY_PHASE_STRIP = NO;
				DEBUG_INFORMATION_FORMAT = "dwarf-with-dsym";
				ENABLE_NS_ASSERTIONS = NO;
				ENABLE_STRICT_OBJC_MSGSEND = YES;
				GCC_C_LANGUAGE_STANDARD = gnu11;
				GCC_NO_COMMON_BLOCKS = YES;
				GCC_WARN_64_TO_32_BIT_CONVERSION = YES;
				GCC_WARN_ABOUT_RETURN_TYPE = YES_ERROR;
				GCC_WARN_UNDECLARED_SELECTOR = YES;
				GCC_WARN_UNINITIALIZED_AUTOS = YES_AGGRESSIVE;
				GCC_WARN_UNUSED_FUNCTION = YES;
				GCC_WARN_UNUSED_VARIABLE = YES;
				IPHONEOS_DEPLOYMENT_TARGET = 12.1;
				MTL_ENABLE_DEBUG_INFO = NO;
				MTL_FAST_MATH = YES;
				SDKROOT = iphoneos;
				SWIFT_COMPILATION_MODE = wholemodule;
				SWIFT_OPTIMIZATION_LEVEL = "-O";
				VALIDATE_PRODUCT = YES;
			};
			name = Release;
		};
		A1C60CED21F16ED40017EDE0 /* Debug */ = {
			isa = XCBuildConfiguration;
			baseConfigurationReference = E95132BBC8F3E35F3D32C203 /* Pods-LaarcIOS.debug.xcconfig */;
			buildSettings = {
				ALWAYS_EMBED_SWIFT_STANDARD_LIBRARIES = YES;
				ASSETCATALOG_COMPILER_APPICON_NAME = AppIcon;
				CODE_SIGN_ENTITLEMENTS = LaarcIOS/LaarcIOS.entitlements;
				CODE_SIGN_STYLE = Automatic;
				DEVELOPMENT_TEAM = B9452FEMTF;
				INFOPLIST_FILE = LaarcIOS/Info.plist;
				IPHONEOS_DEPLOYMENT_TARGET = 10.0;
				LD_RUNPATH_SEARCH_PATHS = (
					"$(inherited)",
					"@executable_path/Frameworks",
				);
				PRODUCT_BUNDLE_IDENTIFIER = com.emilykolar.LaarcIOS;
				PRODUCT_NAME = "$(TARGET_NAME)";
				SWIFT_VERSION = 4.2;
				TARGETED_DEVICE_FAMILY = "1,2";
			};
			name = Debug;
		};
		A1C60CEE21F16ED40017EDE0 /* Release */ = {
			isa = XCBuildConfiguration;
			baseConfigurationReference = 5766EEA46BA0D64F98DA6F26 /* Pods-LaarcIOS.release.xcconfig */;
			buildSettings = {
				ALWAYS_EMBED_SWIFT_STANDARD_LIBRARIES = YES;
				ASSETCATALOG_COMPILER_APPICON_NAME = AppIcon;
				CODE_SIGN_ENTITLEMENTS = LaarcIOS/LaarcIOS.entitlements;
				CODE_SIGN_STYLE = Automatic;
				DEVELOPMENT_TEAM = B9452FEMTF;
				INFOPLIST_FILE = LaarcIOS/Info.plist;
				IPHONEOS_DEPLOYMENT_TARGET = 10.0;
				LD_RUNPATH_SEARCH_PATHS = (
					"$(inherited)",
					"@executable_path/Frameworks",
				);
				PRODUCT_BUNDLE_IDENTIFIER = com.emilykolar.LaarcIOS;
				PRODUCT_NAME = "$(TARGET_NAME)";
				SWIFT_VERSION = 4.2;
				TARGETED_DEVICE_FAMILY = "1,2";
			};
			name = Release;
		};
		A1C60CF021F16ED40017EDE0 /* Debug */ = {
			isa = XCBuildConfiguration;
			baseConfigurationReference = E3DBB16B7A9CFFDF43C5CAB5 /* Pods-LaarcIOSTests.debug.xcconfig */;
			buildSettings = {
				ALWAYS_EMBED_SWIFT_STANDARD_LIBRARIES = YES;
				BUNDLE_LOADER = "$(TEST_HOST)";
				CODE_SIGN_STYLE = Automatic;
				DEVELOPMENT_TEAM = B9452FEMTF;
				INFOPLIST_FILE = LaarcIOSTests/Info.plist;
				LD_RUNPATH_SEARCH_PATHS = (
					"$(inherited)",
					"@executable_path/Frameworks",
					"@loader_path/Frameworks",
				);
				PRODUCT_BUNDLE_IDENTIFIER = com.emilykolar.LaarcIOSTests;
				PRODUCT_NAME = "$(TARGET_NAME)";
				SWIFT_VERSION = 4.2;
				TARGETED_DEVICE_FAMILY = "1,2";
				TEST_HOST = "$(BUILT_PRODUCTS_DIR)/LaarcIOS.app/LaarcIOS";
			};
			name = Debug;
		};
		A1C60CF121F16ED40017EDE0 /* Release */ = {
			isa = XCBuildConfiguration;
			baseConfigurationReference = 1B1E674BE4E93545459BF77D /* Pods-LaarcIOSTests.release.xcconfig */;
			buildSettings = {
				ALWAYS_EMBED_SWIFT_STANDARD_LIBRARIES = YES;
				BUNDLE_LOADER = "$(TEST_HOST)";
				CODE_SIGN_STYLE = Automatic;
				DEVELOPMENT_TEAM = B9452FEMTF;
				INFOPLIST_FILE = LaarcIOSTests/Info.plist;
				LD_RUNPATH_SEARCH_PATHS = (
					"$(inherited)",
					"@executable_path/Frameworks",
					"@loader_path/Frameworks",
				);
				PRODUCT_BUNDLE_IDENTIFIER = com.emilykolar.LaarcIOSTests;
				PRODUCT_NAME = "$(TARGET_NAME)";
				SWIFT_VERSION = 4.2;
				TARGETED_DEVICE_FAMILY = "1,2";
				TEST_HOST = "$(BUILT_PRODUCTS_DIR)/LaarcIOS.app/LaarcIOS";
			};
			name = Release;
		};
		A1C60CF321F16ED40017EDE0 /* Debug */ = {
			isa = XCBuildConfiguration;
			baseConfigurationReference = 28BF7DE0820DED5CAC4358BD /* Pods-LaarcIOSUITests.debug.xcconfig */;
			buildSettings = {
				ALWAYS_EMBED_SWIFT_STANDARD_LIBRARIES = YES;
				CODE_SIGN_STYLE = Automatic;
				DEVELOPMENT_TEAM = B9452FEMTF;
				INFOPLIST_FILE = LaarcIOSUITests/Info.plist;
				LD_RUNPATH_SEARCH_PATHS = (
					"$(inherited)",
					"@executable_path/Frameworks",
					"@loader_path/Frameworks",
				);
				PRODUCT_BUNDLE_IDENTIFIER = com.emilykolar.LaarcIOSUITests;
				PRODUCT_NAME = "$(TARGET_NAME)";
				SWIFT_VERSION = 4.2;
				TARGETED_DEVICE_FAMILY = "1,2";
				TEST_TARGET_NAME = LaarcIOS;
			};
			name = Debug;
		};
		A1C60CF421F16ED40017EDE0 /* Release */ = {
			isa = XCBuildConfiguration;
			baseConfigurationReference = 06037886A0F886925E26DC3A /* Pods-LaarcIOSUITests.release.xcconfig */;
			buildSettings = {
				ALWAYS_EMBED_SWIFT_STANDARD_LIBRARIES = YES;
				CODE_SIGN_STYLE = Automatic;
				DEVELOPMENT_TEAM = B9452FEMTF;
				INFOPLIST_FILE = LaarcIOSUITests/Info.plist;
				LD_RUNPATH_SEARCH_PATHS = (
					"$(inherited)",
					"@executable_path/Frameworks",
					"@loader_path/Frameworks",
				);
				PRODUCT_BUNDLE_IDENTIFIER = com.emilykolar.LaarcIOSUITests;
				PRODUCT_NAME = "$(TARGET_NAME)";
				SWIFT_VERSION = 4.2;
				TARGETED_DEVICE_FAMILY = "1,2";
				TEST_TARGET_NAME = LaarcIOS;
			};
			name = Release;
		};
		A1C60D0521F16F8F0017EDE0 /* Debug */ = {
			isa = XCBuildConfiguration;
			baseConfigurationReference = 059EF00A14F2CA4E1D581052 /* Pods-LaarcIOSShareExtension.debug.xcconfig */;
			buildSettings = {
				CODE_SIGN_ENTITLEMENTS = LaarcIOSShareExtension/LaarcIOSShareExtension.entitlements;
				CODE_SIGN_STYLE = Automatic;
				DEVELOPMENT_TEAM = B9452FEMTF;
				INFOPLIST_FILE = LaarcIOSShareExtension/Info.plist;
				IPHONEOS_DEPLOYMENT_TARGET = 10.0;
				LD_RUNPATH_SEARCH_PATHS = (
					"$(inherited)",
					"@executable_path/Frameworks",
					"@executable_path/../../Frameworks",
				);
				PRODUCT_BUNDLE_IDENTIFIER = com.emilykolar.LaarcIOS.LaarcIOSShareExtension;
				PRODUCT_NAME = "$(TARGET_NAME)";
				SKIP_INSTALL = YES;
				SWIFT_VERSION = 4.2;
				TARGETED_DEVICE_FAMILY = "1,2";
			};
			name = Debug;
		};
		A1C60D0621F16F8F0017EDE0 /* Release */ = {
			isa = XCBuildConfiguration;
			baseConfigurationReference = 03771D220B35593517E21A8A /* Pods-LaarcIOSShareExtension.release.xcconfig */;
			buildSettings = {
				CODE_SIGN_ENTITLEMENTS = LaarcIOSShareExtension/LaarcIOSShareExtension.entitlements;
				CODE_SIGN_STYLE = Automatic;
				DEVELOPMENT_TEAM = B9452FEMTF;
				INFOPLIST_FILE = LaarcIOSShareExtension/Info.plist;
				IPHONEOS_DEPLOYMENT_TARGET = 10.0;
				LD_RUNPATH_SEARCH_PATHS = (
					"$(inherited)",
					"@executable_path/Frameworks",
					"@executable_path/../../Frameworks",
				);
				PRODUCT_BUNDLE_IDENTIFIER = com.emilykolar.LaarcIOS.LaarcIOSShareExtension;
				PRODUCT_NAME = "$(TARGET_NAME)";
				SKIP_INSTALL = YES;
				SWIFT_VERSION = 4.2;
				TARGETED_DEVICE_FAMILY = "1,2";
			};
			name = Release;
		};
/* End XCBuildConfiguration section */

/* Begin XCConfigurationList section */
		A1C60CBD21F16ED20017EDE0 /* Build configuration list for PBXProject "LaarcIOS" */ = {
			isa = XCConfigurationList;
			buildConfigurations = (
				A1C60CEA21F16ED40017EDE0 /* Debug */,
				A1C60CEB21F16ED40017EDE0 /* Release */,
			);
			defaultConfigurationIsVisible = 0;
			defaultConfigurationName = Release;
		};
		A1C60CEC21F16ED40017EDE0 /* Build configuration list for PBXNativeTarget "LaarcIOS" */ = {
			isa = XCConfigurationList;
			buildConfigurations = (
				A1C60CED21F16ED40017EDE0 /* Debug */,
				A1C60CEE21F16ED40017EDE0 /* Release */,
			);
			defaultConfigurationIsVisible = 0;
			defaultConfigurationName = Release;
		};
		A1C60CEF21F16ED40017EDE0 /* Build configuration list for PBXNativeTarget "LaarcIOSTests" */ = {
			isa = XCConfigurationList;
			buildConfigurations = (
				A1C60CF021F16ED40017EDE0 /* Debug */,
				A1C60CF121F16ED40017EDE0 /* Release */,
			);
			defaultConfigurationIsVisible = 0;
			defaultConfigurationName = Release;
		};
		A1C60CF221F16ED40017EDE0 /* Build configuration list for PBXNativeTarget "LaarcIOSUITests" */ = {
			isa = XCConfigurationList;
			buildConfigurations = (
				A1C60CF321F16ED40017EDE0 /* Debug */,
				A1C60CF421F16ED40017EDE0 /* Release */,
			);
			defaultConfigurationIsVisible = 0;
			defaultConfigurationName = Release;
		};
		A1C60D0421F16F8F0017EDE0 /* Build configuration list for PBXNativeTarget "LaarcIOSShareExtension" */ = {
			isa = XCConfigurationList;
			buildConfigurations = (
				A1C60D0521F16F8F0017EDE0 /* Debug */,
				A1C60D0621F16F8F0017EDE0 /* Release */,
			);
			defaultConfigurationIsVisible = 0;
			defaultConfigurationName = Release;
		};
/* End XCConfigurationList section */
	};
	rootObject = A1C60CBA21F16ED20017EDE0 /* Project object */;
}
